
Microsoft Visual Studio Solution File, Format Version 12.00
# Visual Studio 15
VisualStudioVersion = 15.0.28010.2048
MinimumVisualStudioVersion = 10.0.40219.1
Project("{9A19103F-16F7-4668-BE54-9A1E7A4F7556}") = "LOS", "LOS.csproj", "{CF850983-B05F-45A5-9F66-444FB94A0F89}"
EndProject
Global
	GlobalSection(SolutionConfigurationPlatforms) = preSolution
		Debug|Any CPU = Debug|Any CPU
		Release|Any CPU = Release|Any CPU
	EndGlobalSection
	GlobalSection(ProjectConfigurationPlatforms) = postSolution
		{CF850983-B05F-45A5-9F66-444FB94A0F89}.Debug|Any CPU.ActiveCfg = Debug|Any CPU
		{CF850983-B05F-45A5-9F66-444FB94A0F89}.Debug|Any CPU.Build.0 = Debug|Any CPU
		{CF850983-B05F-45A5-9F66-444FB94A0F89}.Release|Any CPU.ActiveCfg = Release|Any CPU
		{CF850983-B05F-45A5-9F66-444FB94A0F89}.Release|Any CPU.Build.0 = Release|Any CPU
	EndGlobalSection
	GlobalSection(SolutionProperties) = preSolution
		HideSolutionNode = FALSE
	EndGlobalSection
	GlobalSection(ExtensibilityGlobals) = postSolution
		SolutionGuid = {9368392A-2C04-45D2-94B8-C02D6A46F866}
	EndGlobalSection
EndGlobal
